{
  "version": 4,
  "terraform_version": "1.8.5",
  "serial": 12,
  "lineage": "11111111-2222-3333-4444-555555555555",
  "outputs": {},
  "resources": [
    {
      "mode": "managed",
      "type": "aws_security_group",
      "name": "web",
      "provider": "provider[\"registry.terraform.io/hashicorp/aws\"]",
      "instances": [
        {
          "schema_version": 1,
          "attributes": {
            "id": "sg-0web123456789abcd",
            "arn": "arn:aws:ec2:us-east-1:111122223333:security-group/sg-0web123456789abcd",
            "name": "web-sg",
            "description": "web tier",
            "vpc_id": "vpc-0a1b2c3d",
            "ingress": [
              {
                "from_port": 443,
                "to_port": 443,
                "protocol": "tcp",
                "cidr_blocks": [
                  "0.0.0.0/0"
                ]
              }
            ]
          }
        }
      ]
    },
    {
      "mode": "managed",
      "type": "aws_security_group",
      "name": "db",
      "provider": "provider[\"registry.terraform.io/hashicorp/aws\"]",
      "instances": [
        {
          "schema_version": 1,
          "attributes": {
            "id": "sg-0db123456789abcde",
            "arn": "arn:aws:ec2:us-east-1:111122223333:security-group/sg-0db123456789abcde",
            "name": "db-sg",
            "description": "database tier",
            "vpc_id": "vpc-0a1b2c3d",
            "ingress": [
              {
                "from_port": 5432,
                "to_port": 5432,
                "protocol": "tcp",
                "cidr_blocks": [
                  "10.0.0.0/16"
                ]
              }
            ]
          }
        }
      ]
    },
    {
      "mode": "managed",
      "type": "aws_db_instance",
      "name": "orders",
      "provider": "provider[\"registry.terraform.io/hashicorp/aws\"]",
      "instances": [
        {
          "schema_version": 2,
          "attributes": {
            "id": "orders-db",
            "arn": "arn:aws:rds:us-east-1:111122223333:db:orders-db",
            "identifier": "orders-db",
            "engine": "postgres",
            "instance_class": "db.r5.large",
            "allocated_storage": 100
          }
        }
      ]
    },
    {
      "mode": "managed",
      "type": "aws_autoscaling_group",
      "name": "api",
      "provider": "provider[\"registry.terraform.io/hashicorp/aws\"]",
      "instances": [
        {
          "schema_version": 1,
          "attributes": {
            "id": "api-asg",
            "arn": "arn:aws:autoscaling:us-east-1:111122223333:autoScalingGroup:abcd1234:autoScalingGroupName/api-asg",
            "name": "api-asg",
            "desired_capacity": 4,
            "min_size": 2,
            "max_size": 12
          }
        }
      ]
    },
    {
      "mode": "managed",
      "type": "aws_s3_bucket",
      "name": "assets",
      "provider": "provider[\"registry.terraform.io/hashicorp/aws\"]",
      "instances": [
        {
          "schema_version": 0,
          "attributes": {
            "id": "acme-assets-prod",
            "arn": "arn:aws:s3:::acme-assets-prod",
            "bucket": "acme-assets-prod",
            "tags": {}
          }
        }
      ]
    },
    {
      "mode": "managed",
      "type": "aws_s3_bucket_acl",
      "name": "assets_acl",
      "provider": "provider[\"registry.terraform.io/hashicorp/aws\"]",
      "instances": [
        {
          "schema_version": 0,
          "attributes": {
            "id": "acme-assets-prod,private",
            "bucket": "acme-assets-prod",
            "acl": "private"
          }
        }
      ]
    },
    {
      "mode": "managed",
      "type": "aws_ebs_volume",
      "name": "data",
      "provider": "provider[\"registry.terraform.io/hashicorp/aws\"]",
      "instances": [
        {
          "schema_version": 1,
          "attributes": {
            "id": "vol-0data123456789abc",
            "arn": "arn:aws:ec2:us-east-1:111122223333:volume/vol-0data123456789abc",
            "availability_zone": "us-east-1a",
            "size": 100,
            "type": "gp3"
          }
        }
      ]
    },
    {
      "mode": "managed",
      "type": "aws_cloudwatch_log_group",
      "name": "app",
      "provider": "provider[\"registry.terraform.io/hashicorp/aws\"]",
      "instances": [
        {
          "schema_version": 0,
          "attributes": {
            "id": "/acme/app",
            "arn": "arn:aws:logs:us-east-1:111122223333:log-group:/acme/app",
            "name": "/acme/app",
            "retention_in_days": 30
          }
        }
      ]
    }
  ]
}
